// !$*UTF8*$!
{
	archiveVersion = 1;
	classes = {
	};
	objectVersion = 46;
	objects = {

/* Begin PBXBuildFile section */
		D2C61DB4178DB51800188615 /* Storyboard.storyboard in Resources */ = {isa = PBXBuildFile; fileRef = D2C61DB3178DB51800188615 /* Storyboard.storyboard */; };
		D2C61DB7178DB54800188615 /* SBEmbeddedSegmentSegue.m in Sources */ = {isa = PBXBuildFile; fileRef = D2C61DB6178DB54800188615 /* SBEmbeddedSegmentSegue.m */; };
		D2DDA6F716F3C75C003B0834 /* UIKit.framework in Frameworks */ = {isa = PBXBuildFile; fileRef = D2DDA6F616F3C75C003B0834 /* UIKit.framework */; };
		D2DDA6F916F3C75C003B0834 /* Foundation.framework in Frameworks */ = {isa = PBXBuildFile; fileRef = D2DDA6F816F3C75C003B0834 /* Foundation.framework */; };
		D2DDA6FB16F3C75C003B0834 /* CoreGraphics.framework in Frameworks */ = {isa = PBXBuildFile; fileRef = D2DDA6FA16F3C75C003B0834 /* CoreGraphics.framework */; };
		D2DDA70116F3C75C003B0834 /* InfoPlist.strings in Resources */ = {isa = PBXBuildFile; fileRef = D2DDA6FF16F3C75C003B0834 /* InfoPlist.strings */; };
		D2DDA70316F3C75C003B0834 /* main.m in Sources */ = {isa = PBXBuildFile; fileRef = D2DDA70216F3C75C003B0834 /* main.m */; };
		D2DDA70716F3C75C003B0834 /* AppDelegate.m in Sources */ = {isa = PBXBuildFile; fileRef = D2DDA70616F3C75C003B0834 /* AppDelegate.m */; };
		D2DDA70916F3C75C003B0834 /* Default.png in Resources */ = {isa = PBXBuildFile; fileRef = D2DDA70816F3C75C003B0834 /* Default.png */; };
		D2DDA70B16F3C75C003B0834 /* Default@2x.png in Resources */ = {isa = PBXBuildFile; fileRef = D2DDA70A16F3C75C003B0834 /* Default@2x.png */; };
		D2DDA70D16F3C75C003B0834 /* Default-568h@2x.png in Resources */ = {isa = PBXBuildFile; fileRef = D2DDA70C16F3C75C003B0834 /* Default-568h@2x.png */; };
		D2DDA71B16F3C785003B0834 /* SBSegmentedViewController.m in Sources */ = {isa = PBXBuildFile; fileRef = D2DDA71A16F3C785003B0834 /* SBSegmentedViewController.m */; };
		D2DDA72216F4251E003B0834 /* GreenViewController.xib in Resources */ = {isa = PBXBuildFile; fileRef = D2DDA72116F4251E003B0834 /* GreenViewController.xib */; };
		D2DDA72416F4257A003B0834 /* BlueViewController.xib in Resources */ = {isa = PBXBuildFile; fileRef = D2DDA72316F4257A003B0834 /* BlueViewController.xib */; };
		D2DDA72616F425AB003B0834 /* RedViewController.xib in Resources */ = {isa = PBXBuildFile; fileRef = D2DDA72516F425AB003B0834 /* RedViewController.xib */; };
/* End PBXBuildFile section */

/* Begin PBXFileReference section */
		D2C61DB3178DB51800188615 /* Storyboard.storyboard */ = {isa = PBXFileReference; fileEncoding = 4; lastKnownFileType = file.storyboard; path = Storyboard.storyboard; sourceTree = "<group>"; };
		D2C61DB5178DB54800188615 /* SBEmbeddedSegmentSegue.h */ = {isa = PBXFileReference; fileEncoding = 4; lastKnownFileType = sourcecode.c.h; path = SBEmbeddedSegmentSegue.h; sourceTree = "<group>"; };
		D2C61DB6178DB54800188615 /* SBEmbeddedSegmentSegue.m */ = {isa = PBXFileReference; fileEncoding = 4; lastKnownFileType = sourcecode.c.objc; path = SBEmbeddedSegmentSegue.m; sourceTree = "<group>"; };
		D2DDA6F316F3C75C003B0834 /* SBSegmentedViewController.app */ = {isa = PBXFileReference; explicitFileType = wrapper.application; includeInIndex = 0; path = SBSegmentedViewController.app; sourceTree = BUILT_PRODUCTS_DIR; };
		D2DDA6F616F3C75C003B0834 /* UIKit.framework */ = {isa = PBXFileReference; lastKnownFileType = wrapper.framework; name = UIKit.framework; path = System/Library/Frameworks/UIKit.framework; sourceTree = SDKROOT; };
		D2DDA6F816F3C75C003B0834 /* Foundation.framework */ = {isa = PBXFileReference; lastKnownFileType = wrapper.framework; name = Foundation.framework; path = System/Library/Frameworks/Foundation.framework; sourceTree = SDKROOT; };
		D2DDA6FA16F3C75C003B0834 /* CoreGraphics.framework */ = {isa = PBXFileReference; lastKnownFileType = wrapper.framework; name = CoreGraphics.framework; path = System/Library/Frameworks/CoreGraphics.framework; sourceTree = SDKROOT; };
		D2DDA6FE16F3C75C003B0834 /* SBSegmentedViewController-Info.plist */ = {isa = PBXFileReference; lastKnownFileType = text.plist.xml; path = "SBSegmentedViewController-Info.plist"; sourceTree = "<group>"; };
		D2DDA70016F3C75C003B0834 /* en */ = {isa = PBXFileReference; lastKnownFileType = text.plist.strings; name = en; path = en.lproj/InfoPlist.strings; sourceTree = "<group>"; };
		D2DDA70216F3C75C003B0834 /* main.m */ = {isa = PBXFileReference; lastKnownFileType = sourcecode.c.objc; path = main.m; sourceTree = "<group>"; };
		D2DDA70416F3C75C003B0834 /* SBSegmentedViewController-Prefix.pch */ = {isa = PBXFileReference; lastKnownFileType = sourcecode.c.h; path = "SBSegmentedViewController-Prefix.pch"; sourceTree = "<group>"; };
		D2DDA70516F3C75C003B0834 /* AppDelegate.h */ = {isa = PBXFileReference; lastKnownFileType = sourcecode.c.h; path = AppDelegate.h; sourceTree = "<group>"; };
		D2DDA70616F3C75C003B0834 /* AppDelegate.m */ = {isa = PBXFileReference; lastKnownFileType = sourcecode.c.objc; path = AppDelegate.m; sourceTree = "<group>"; };
		D2DDA70816F3C75C003B0834 /* Default.png */ = {isa = PBXFileReference; lastKnownFileType = image.png; path = Default.png; sourceTree = "<group>"; };
		D2DDA70A16F3C75C003B0834 /* Default@2x.png */ = {isa = PBXFileReference; lastKnownFileType = image.png; path = "Default@2x.png"; sourceTree = "<group>"; };
		D2DDA70C16F3C75C003B0834 /* Default-568h@2x.png */ = {isa = PBXFileReference; lastKnownFileType = image.png; path = "Default-568h@2x.png"; sourceTree = "<group>"; };
		D2DDA71916F3C785003B0834 /* SBSegmentedViewController.h */ = {isa = PBXFileReference; fileEncoding = 4; lastKnownFileType = sourcecode.c.h; path = SBSegmentedViewController.h; sourceTree = "<group>"; };
		D2DDA71A16F3C785003B0834 /* SBSegmentedViewController.m */ = {isa = PBXFileReference; fileEncoding = 4; lastKnownFileType = sourcecode.c.objc; path = SBSegmentedViewController.m; sourceTree = "<group>"; };
		D2DDA72116F4251E003B0834 /* GreenViewController.xib */ = {isa = PBXFileReference; fileEncoding = 4; lastKnownFileType = file.xib; path = GreenViewController.xib; sourceTree = "<group>"; };
		D2DDA72316F4257A003B0834 /* BlueViewController.xib */ = {isa = PBXFileReference; fileEncoding = 4; lastKnownFileType = file.xib; path = BlueViewController.xib; sourceTree = "<group>"; };
		D2DDA72516F425AB003B0834 /* RedViewController.xib */ = {isa = PBXFileReference; fileEncoding = 4; lastKnownFileType = file.xib; path = RedViewController.xib; sourceTree = "<group>"; };
/* End PBXFileReference section */

/* Begin PBXFrameworksBuildPhase section */
		D2DDA6F016F3C75C003B0834 /* Frameworks */ = {
			isa = PBXFrameworksBuildPhase;
			buildActionMask = 2147483647;
			files = (
				D2DDA6F716F3C75C003B0834 /* UIKit.framework in Frameworks */,
				D2DDA6F916F3C75C003B0834 /* Foundation.framework in Frameworks */,
				D2DDA6FB16F3C75C003B0834 /* CoreGraphics.framework in Frameworks */,
			);
			runOnlyForDeploymentPostprocessing = 0;
		};
/* End PBXFrameworksBuildPhase section */

/* Begin PBXGroup section */
		D2DDA6EA16F3C75C003B0834 = {
			isa = PBXGroup;
			children = (
				D2C61DB3178DB51800188615 /* Storyboard.storyboard */,
				D2DDA6FC16F3C75C003B0834 /* SBSegmentedViewController */,
				D2DDA6F516F3C75C003B0834 /* Frameworks */,
				D2DDA6F416F3C75C003B0834 /* Products */,
			);
			sourceTree = "<group>";
		};
		D2DDA6F416F3C75C003B0834 /* Products */ = {
			isa = PBXGroup;
			children = (
				D2DDA6F316F3C75C003B0834 /* SBSegmentedViewController.app */,
			);
			name = Products;
			sourceTree = "<group>";
		};
		D2DDA6F516F3C75C003B0834 /* Frameworks */ = {
			isa = PBXGroup;
			children = (
				D2DDA6F616F3C75C003B0834 /* UIKit.framework */,
				D2DDA6F816F3C75C003B0834 /* Foundation.framework */,
				D2DDA6FA16F3C75C003B0834 /* CoreGraphics.framework */,
			);
			name = Frameworks;
			sourceTree = "<group>";
		};
		D2DDA6FC16F3C75C003B0834 /* SBSegmentedViewController */ = {
			isa = PBXGroup;
			children = (
				D2C61DB5178DB54800188615 /* SBEmbeddedSegmentSegue.h */,
				D2C61DB6178DB54800188615 /* SBEmbeddedSegmentSegue.m */,
				D2DDA71916F3C785003B0834 /* SBSegmentedViewController.h */,
				D2DDA71A16F3C785003B0834 /* SBSegmentedViewController.m */,
				D2DDA72A16F42B6D003B0834 /* View Controllers */,
				D2DDA6FD16F3C75C003B0834 /* Supporting Files */,
			);
			path = SBSegmentedViewController;
			sourceTree = "<group>";
		};
		D2DDA6FD16F3C75C003B0834 /* Supporting Files */ = {
			isa = PBXGroup;
			children = (
				D2DDA70516F3C75C003B0834 /* AppDelegate.h */,
				D2DDA70616F3C75C003B0834 /* AppDelegate.m */,
				D2DDA6FE16F3C75C003B0834 /* SBSegmentedViewController-Info.plist */,
				D2DDA6FF16F3C75C003B0834 /* InfoPlist.strings */,
				D2DDA70216F3C75C003B0834 /* main.m */,
				D2DDA70416F3C75C003B0834 /* SBSegmentedViewController-Prefix.pch */,
				D2DDA70816F3C75C003B0834 /* Default.png */,
				D2DDA70A16F3C75C003B0834 /* Default@2x.png */,
				D2DDA70C16F3C75C003B0834 /* Default-568h@2x.png */,
			);
			name = "Supporting Files";
			sourceTree = "<group>";
		};
		D2DDA72A16F42B6D003B0834 /* View Controllers */ = {
			isa = PBXGroup;
			children = (
				D2DDA72116F4251E003B0834 /* GreenViewController.xib */,
				D2DDA72316F4257A003B0834 /* BlueViewController.xib */,
				D2DDA72516F425AB003B0834 /* RedViewController.xib */,
			);
			name = "View Controllers";
			sourceTree = "<group>";
		};
/* End PBXGroup section */

/* Begin PBXNativeTarget section */
		D2DDA6F216F3C75C003B0834 /* SBSegmentedViewController */ = {
			isa = PBXNativeTarget;
			buildConfigurationList = D2DDA71616F3C75C003B0834 /* Build configuration list for PBXNativeTarget "SBSegmentedViewController" */;
			buildPhases = (
				D2DDA6EF16F3C75C003B0834 /* Sources */,
				D2DDA6F016F3C75C003B0834 /* Frameworks */,
				D2DDA6F116F3C75C003B0834 /* Resources */,
			);
			buildRules = (
			);
			dependencies = (
			);
			name = SBSegmentedViewController;
			productName = SBSegmentedViewController;
			productReference = D2DDA6F316F3C75C003B0834 /* SBSegmentedViewController.app */;
			productType = "com.apple.product-type.application";
		};
/* End PBXNativeTarget section */

/* Begin PBXProject section */
		D2DDA6EB16F3C75C003B0834 /* Project object */ = {
			isa = PBXProject;
			attributes = {
				LastUpgradeCheck = 0460;
				ORGANIZATIONNAME = "Scotty Doesn't Code";
			};
			buildConfigurationList = D2DDA6EE16F3C75C003B0834 /* Build configuration list for PBXProject "SBSegmentedViewController" */;
			compatibilityVersion = "Xcode 3.2";
			developmentRegion = English;
			hasScannedForEncodings = 0;
			knownRegions = (
				en,
			);
			mainGroup = D2DDA6EA16F3C75C003B0834;
			productRefGroup = D2DDA6F416F3C75C003B0834 /* Products */;
			projectDirPath = "";
			projectRoot = "";
			targets = (
				D2DDA6F216F3C75C003B0834 /* SBSegmentedViewController */,
			);
		};
/* End PBXProject section */

/* Begin PBXResourcesBuildPhase section */
		D2DDA6F116F3C75C003B0834 /* Resources */ = {
			isa = PBXResourcesBuildPhase;
			buildActionMask = 2147483647;
			files = (
				D2DDA70116F3C75C003B0834 /* InfoPlist.strings in Resources */,
				D2DDA70916F3C75C003B0834 /* Default.png in Resources */,
				D2DDA70B16F3C75C003B0834 /* Default@2x.png in Resources */,
				D2DDA70D16F3C75C003B0834 /* Default-568h@2x.png in Resources */,
				D2DDA72216F4251E003B0834 /* GreenViewController.xib in Resources */,
				D2DDA72416F4257A003B0834 /* BlueViewController.xib in Resources */,
				D2DDA72616F425AB003B0834 /* RedViewController.xib in Resources */,
				D2C61DB4178DB51800188615 /* Storyboard.storyboard in Resources */,
			);
			runOnlyForDeploymentPostprocessing = 0;
		};
/* End PBXResourcesBuildPhase section */

/* Begin PBXSourcesBuildPhase section */
		D2DDA6EF16F3C75C003B0834 /* Sources */ = {
			isa = PBXSourcesBuildPhase;
			buildActionMask = 2147483647;
			files = (
				D2DDA70316F3C75C003B0834 /* main.m in Sources */,
				D2DDA70716F3C75C003B0834 /* AppDelegate.m in Sources */,
				D2DDA71B16F3C785003B0834 /* SBSegmentedViewController.m in Sources */,
				D2C61DB7178DB54800188615 /* SBEmbeddedSegmentSegue.m in Sources */,
			);
			runOnlyForDeploymentPostprocessing = 0;
		};
/* End PBXSourcesBuildPhase section */

/* Begin PBXVariantGroup section */
		D2DDA6FF16F3C75C003B0834 /* InfoPlist.strings */ = {
			isa = PBXVariantGroup;
			children = (
				D2DDA70016F3C75C003B0834 /* en */,
			);
			name = InfoPlist.strings;
			sourceTree = "<group>";
		};
/* End PBXVariantGroup section */

/* Begin XCBuildConfiguration section */
		D2DDA71416F3C75C003B0834 /* Debug */ = {
			isa = XCBuildConfiguration;
			buildSettings = {
				ALWAYS_SEARCH_USER_PATHS = NO;
				CLANG_CXX_LANGUAGE_STANDARD = "gnu++0x";
				CLANG_CXX_LIBRARY = "libc++";
				CLANG_ENABLE_OBJC_ARC = YES;
				CLANG_WARN_CONSTANT_CONVERSION = YES;
				CLANG_WARN_EMPTY_BODY = YES;
				CLANG_WARN_ENUM_CONVERSION = YES;
				CLANG_WARN_INT_CONVERSION = YES;
				CLANG_WARN__DUPLICATE_METHOD_MATCH = YES;
				"CODE_SIGN_IDENTITY[sdk=iphoneos*]" = "iPhone Developer";
				COPY_PHASE_STRIP = NO;
				GCC_C_LANGUAGE_STANDARD = gnu99;
				GCC_DYNAMIC_NO_PIC = NO;
				GCC_OPTIMIZATION_LEVEL = 0;
				GCC_PREPROCESSOR_DEFINITIONS = (
					"DEBUG=1",
					"$(inherited)",
				);
				GCC_SYMBOLS_PRIVATE_EXTERN = NO;
				GCC_WARN_ABOUT_RETURN_TYPE = YES;
				GCC_WARN_UNINITIALIZED_AUTOS = YES;
				GCC_WARN_UNUSED_VARIABLE = YES;
				IPHONEOS_DEPLOYMENT_TARGET = 6.1;
				ONLY_ACTIVE_ARCH = YES;
				SDKROOT = iphoneos;
			};
			name = Debug;
		};
		D2DDA71516F3C75C003B0834 /* Release */ = {
			isa = XCBuildConfiguration;
			buildSettings = {
				ALWAYS_SEARCH_USER_PATHS = NO;
				CLANG_CXX_LANGUAGE_STANDARD = "gnu++0x";
				CLANG_CXX_LIBRARY = "libc++";
				CLANG_ENABLE_OBJC_ARC = YES;
				CLANG_WARN_CONSTANT_CONVERSION = YES;
				CLANG_WARN_EMPTY_BODY = YES;
				CLANG_WARN_ENUM_CONVERSION = YES;
				CLANG_WARN_INT_CONVERSION = YES;
				CLANG_WARN__DUPLICATE_METHOD_MATCH = YES;
				"CODE_SIGN_IDENTITY[sdk=iphoneos*]" = "iPhone Developer";
				COPY_PHASE_STRIP = YES;
				GCC_C_LANGUAGE_STANDARD = gnu99;
				GCC_WARN_ABOUT_RETURN_TYPE = YES;
				GCC_WARN_UNINITIALIZED_AUTOS = YES;
				GCC_WARN_UNUSED_VARIABLE = YES;
				IPHONEOS_DEPLOYMENT_TARGET = 6.1;
				OTHER_CFLAGS = "-DNS_BLOCK_ASSERTIONS=1";
				SDKROOT = iphoneos;
				VALIDATE_PRODUCT = YES;
			};
			name = Release;
		};
		D2DDA71716F3C75C003B0834 /* Debug */ = {
			isa = XCBuildConfiguration;
			buildSettings = {
				GCC_PRECOMPILE_PREFIX_HEADER = YES;
				GCC_PREFIX_HEADER = "SBSegmentedViewController/SBSegmentedViewController-Prefix.pch";
				INFOPLIST_FILE = "SBSegmentedViewController/SBSegmentedViewController-Info.plist";
				PRODUCT_NAME = "$(TARGET_NAME)";
				WRAPPER_EXTENSION = app;
			};
			name = Debug;
		};
		D2DDA71816F3C75C003B0834 /* Release */ = {
			isa = XCBuildConfiguration;
			buildSettings = {
				GCC_PRECOMPILE_PREFIX_HEADER = YES;
				GCC_PREFIX_HEADER = "SBSegmentedViewController/SBSegmentedViewController-Prefix.pch";
				INFOPLIST_FILE = "SBSegmentedViewController/SBSegmentedViewController-Info.plist";
				PRODUCT_NAME = "$(TARGET_NAME)";
				WRAPPER_EXTENSION = app;
			};
			name = Release;
		};
/* End XCBuildConfiguration section */

/* Begin XCConfigurationList section */
		D2DDA6EE16F3C75C003B0834 /* Build configuration list for PBXProject "SBSegmentedViewController" */ = {
			isa = XCConfigurationList;
			buildConfigurations = (
				D2DDA71416F3C75C003B0834 /* Debug */,
				D2DDA71516F3C75C003B0834 /* Release */,
			);
			defaultConfigurationIsVisible = 0;
			defaultConfigurationName = Release;
		};
		D2DDA71616F3C75C003B0834 /* Build configuration list for PBXNativeTarget "SBSegmentedViewController" */ = {
			isa = XCConfigurationList;
			buildConfigurations = (
				D2DDA71716F3C75C003B0834 /* Debug */,
				D2DDA71816F3C75C003B0834 /* Release */,
			);
			defaultConfigurationIsVisible = 0;
			defaultConfigurationName = Release;
		};
/* End XCConfigurationList section */
	};
	rootObject = D2DDA6EB16F3C75C003B0834 /* Project object */;
}
